
Microsoft Visual Studio Solution File, Format Version 12.00
# Visual Studio Version 16
VisualStudioVersion = 16.0.810.17
MinimumVisualStudioVersion = 10.0.40219.1
Project("{FAE04EC0-301F-11D3-BF4B-00C04F79EFBC}") = "Mission5", "Mission5\Mission5.csproj", "{F6926F23-ED5E-4A53-954A-691489364D4D}"
EndProject
Global
	GlobalSection(SolutionConfigurationPlatforms) = preSolution
		Debug|Any CPU = Debug|Any CPU
		Release|Any CPU = Release|Any CPU
	EndGlobalSection
	GlobalSection(ProjectConfigurationPlatforms) = postSolution
		{F6926F23-ED5E-4A53-954A-691489364D4D}.Debug|Any CPU.ActiveCfg = Debug|Any CPU
		{F6926F23-ED5E-4A53-954A-691489364D4D}.Debug|Any CPU.Build.0 = Debug|Any CPU
		{F6926F23-ED5E-4A53-954A-691489364D4D}.Release|Any CPU.ActiveCfg = Release|Any CPU
		{F6926F23-ED5E-4A53-954A-691489364D4D}.Release|Any CPU.Build.0 = Release|Any CPU
	EndGlobalSection
	GlobalSection(SolutionProperties) = preSolution
		HideSolutionNode = FALSE
	EndGlobalSection
	GlobalSection(ExtensibilityGlobals) = postSolution
		SolutionGuid = {218DF812-F5D5-4218-ADEA-4EE492E42281}
	EndGlobalSection
EndGlobal
